Microsoft Visual Studio Solution File, Format Version 12.00
# Visual Studio 15
VisualStudioVersion = 15.0.26730.12
MinimumVisualStudioVersion = 15.0.26124.0
Project("{2150E333-8FDC-42A3-9474-1A3956D46DE8}") = "src", "src", "{C4129CB4-AA88-402A-844C-D89664C92878}"
EndProject
Project("{2150E333-8FDC-42A3-9474-1A3956D46DE8}") = "test", "test", "{26088B72-0FE3-4C30-B75C-2260D89243E2}"
EndProject
Project("{9A19103F-16F7-4668-BE54-9A1E7A4F7556}") = "Matrix.Client", "src\Matrix.Client\Matrix.Client.csproj", "{A1DA4954-9A48-46DD-A5AA-FBE231D44830}"
EndProject
Project("{9A19103F-16F7-4668-BE54-9A1E7A4F7556}") = "Matrix.Client.Tests.SysInteg", "test\Matrix.Client.Tests.SysInteg\Matrix.Client.Tests.SysInteg.csproj", "{E702C381-417D-4068-A91D-93B9BE698113}"
EndProject
Global
	GlobalSection(SolutionConfigurationPlatforms) = preSolution
		Debug|Any CPU = Debug|Any CPU
		Debug|x64 = Debug|x64
		Debug|x86 = Debug|x86
		Release|Any CPU = Release|Any CPU
		Release|x64 = Release|x64
		Release|x86 = Release|x86
	EndGlobalSection
	GlobalSection(ProjectConfigurationPlatforms) = postSolution
		{A1DA4954-9A48-46DD-A5AA-FBE231D44830}.Debug|Any CPU.ActiveCfg = Debug|Any CPU
		{A1DA4954-9A48-46DD-A5AA-FBE231D44830}.Debug|Any CPU.Build.0 = Debug|Any CPU
		{A1DA4954-9A48-46DD-A5AA-FBE231D44830}.Debug|x64.ActiveCfg = Debug|Any CPU
		{A1DA4954-9A48-46DD-A5AA-FBE231D44830}.Debug|x64.Build.0 = Debug|Any CPU
		{A1DA4954-9A48-46DD-A5AA-FBE231D44830}.Debug|x86.ActiveCfg = Debug|Any CPU
		{A1DA4954-9A48-46DD-A5AA-FBE231D44830}.Debug|x86.Build.0 = Debug|Any CPU
		{A1DA4954-9A48-46DD-A5AA-FBE231D44830}.Release|Any CPU.ActiveCfg = Release|Any CPU
		{A1DA4954-9A48-46DD-A5AA-FBE231D44830}.Release|Any CPU.Build.0 = Release|Any CPU
		{A1DA4954-9A48-46DD-A5AA-FBE231D44830}.Release|x64.ActiveCfg = Release|Any CPU
		{A1DA4954-9A48-46DD-A5AA-FBE231D44830}.Release|x64.Build.0 = Release|Any CPU
		{A1DA4954-9A48-46DD-A5AA-FBE231D44830}.Release|x86.ActiveCfg = Release|Any CPU
		{A1DA4954-9A48-46DD-A5AA-FBE231D44830}.Release|x86.Build.0 = Release|Any CPU
		{E702C381-417D-4068-A91D-93B9BE698113}.Debug|Any CPU.ActiveCfg = Debug|Any CPU
		{E702C381-417D-4068-A91D-93B9BE698113}.Debug|Any CPU.Build.0 = Debug|Any CPU
		{E702C381-417D-4068-A91D-93B9BE698113}.Debug|x64.ActiveCfg = Debug|Any CPU
		{E702C381-417D-4068-A91D-93B9BE698113}.Debug|x64.Build.0 = Debug|Any CPU
		{E702C381-417D-4068-A91D-93B9BE698113}.Debug|x86.ActiveCfg = Debug|Any CPU
		{E702C381-417D-4068-A91D-93B9BE698113}.Debug|x86.Build.0 = Debug|Any CPU
		{E702C381-417D-4068-A91D-93B9BE698113}.Release|Any CPU.ActiveCfg = Release|Any CPU
		{E702C381-417D-4068-A91D-93B9BE698113}.Release|Any CPU.Build.0 = Release|Any CPU
		{E702C381-417D-4068-A91D-93B9BE698113}.Release|x64.ActiveCfg = Release|Any CPU
		{E702C381-417D-4068-A91D-93B9BE698113}.Release|x64.Build.0 = Release|Any CPU
		{E702C381-417D-4068-A91D-93B9BE698113}.Release|x86.ActiveCfg = Release|Any CPU
		{E702C381-417D-4068-A91D-93B9BE698113}.Release|x86.Build.0 = Release|Any CPU
	EndGlobalSection
	GlobalSection(SolutionProperties) = preSolution
		HideSolutionNode = FALSE
	EndGlobalSection
	GlobalSection(NestedProjects) = preSolution
		{A1DA4954-9A48-46DD-A5AA-FBE231D44830} = {C4129CB4-AA88-402A-844C-D89664C92878}
		{E702C381-417D-4068-A91D-93B9BE698113} = {26088B72-0FE3-4C30-B75C-2260D89243E2}
	EndGlobalSection
	GlobalSection(ExtensibilityGlobals) = postSolution
		SolutionGuid = {352AC926-0E6D-4763-903B-3A128C33C77F}
	EndGlobalSection
EndGlobal
